
Microsoft Visual Studio Solution File, Format Version 12.00
# Visual Studio 15
VisualStudioVersion = 15.0.27428.2043
MinimumVisualStudioVersion = 10.0.40219.1
Project("{FAE04EC0-301F-11D3-BF4B-00C04F79EFBC}") = "DependencyInjection", "DependencyInjection\DependencyInjection.csproj", "{E5044F2F-4415-4969-AB56-B6A86E2FFC34}"
EndProject
Project("{FAE04EC0-301F-11D3-BF4B-00C04F79EFBC}") = "DataAccessLayer", "DataAccessLayer\DataAccessLayer.csproj", "{5C4679A0-24EF-4EC8-8F42-CF2195D77EFA}"
EndProject
Project("{2150E333-8FDC-42A3-9474-1A3956D46DE8}") = "DataService", "DataService", "{0221F98C-0EE4-48DA-9FC8-F7A8B478BBD5}"
EndProject
Project("{FAE04EC0-301F-11D3-BF4B-00C04F79EFBC}") = "DataService", "DataService\DataService.csproj", "{4E694954-9A62-453D-BA30-C6AAE51750A2}"
EndProject
Global
	GlobalSection(SolutionConfigurationPlatforms) = preSolution
		Debug|Any CPU = Debug|Any CPU
		Release|Any CPU = Release|Any CPU
	EndGlobalSection
	GlobalSection(ProjectConfigurationPlatforms) = postSolution
		{E5044F2F-4415-4969-AB56-B6A86E2FFC34}.Debug|Any CPU.ActiveCfg = Debug|Any CPU
		{E5044F2F-4415-4969-AB56-B6A86E2FFC34}.Debug|Any CPU.Build.0 = Debug|Any CPU
		{E5044F2F-4415-4969-AB56-B6A86E2FFC34}.Release|Any CPU.ActiveCfg = Release|Any CPU
		{E5044F2F-4415-4969-AB56-B6A86E2FFC34}.Release|Any CPU.Build.0 = Release|Any CPU
		{5C4679A0-24EF-4EC8-8F42-CF2195D77EFA}.Debug|Any CPU.ActiveCfg = Debug|Any CPU
		{5C4679A0-24EF-4EC8-8F42-CF2195D77EFA}.Debug|Any CPU.Build.0 = Debug|Any CPU
		{5C4679A0-24EF-4EC8-8F42-CF2195D77EFA}.Release|Any CPU.ActiveCfg = Release|Any CPU
		{5C4679A0-24EF-4EC8-8F42-CF2195D77EFA}.Release|Any CPU.Build.0 = Release|Any CPU
		{4E694954-9A62-453D-BA30-C6AAE51750A2}.Debug|Any CPU.ActiveCfg = Debug|Any CPU
		{4E694954-9A62-453D-BA30-C6AAE51750A2}.Debug|Any CPU.Build.0 = Debug|Any CPU
		{4E694954-9A62-453D-BA30-C6AAE51750A2}.Release|Any CPU.ActiveCfg = Release|Any CPU
		{4E694954-9A62-453D-BA30-C6AAE51750A2}.Release|Any CPU.Build.0 = Release|Any CPU
	EndGlobalSection
	GlobalSection(SolutionProperties) = preSolution
		HideSolutionNode = FALSE
	EndGlobalSection
	GlobalSection(NestedProjects) = preSolution
		{4E694954-9A62-453D-BA30-C6AAE51750A2} = {0221F98C-0EE4-48DA-9FC8-F7A8B478BBD5}
	EndGlobalSection
	GlobalSection(ExtensibilityGlobals) = postSolution
		SolutionGuid = {988B4022-BECD-453E-892D-9E724A19FA06}
	EndGlobalSection
EndGlobal
